{
  "version": 4,
  "terraform_version": "1.2.2",
  "serial": 260,
  "lineage": "fa89264a-caab-7cbc-4666-42d707fe8001",
  "outputs": {},
  "resources": [
    {
      "mode": "managed",
      "type": "azurerm_availability_set",
      "name": "avset",
      "provider": "provider[\"registry.terraform.io/hashicorp/azurerm\"]",
      "instances": [
        {
          "schema_version": 0,
          "attributes": {
            "id": "/subscriptions/7f0e582d-04ad-48ec-81e6-ef58f134b3af/resourceGroups/Weight-Tracker-App/providers/Microsoft.Compute/availabilitySets/avset",
            "location": "westus",
            "managed": true,
            "name": "avset",
            "platform_fault_domain_count": 3,
            "platform_update_domain_count": 5,
            "proximity_placement_group_id": null,
            "resource_group_name": "Weight-Tracker-App",
            "tags": {},
            "timeouts": null
          },
          "sensitive_attributes": [],
          "private": "eyJlMmJmYjczMC1lY2FhLTExZTYtOGY4OC0zNDM2M2JjN2M0YzAiOnsiY3JlYXRlIjoxODAwMDAwMDAwMDAwLCJkZWxldGUiOjE4MDAwMDAwMDAwMDAsInJlYWQiOjMwMDAwMDAwMDAwMCwidXBkYXRlIjoxODAwMDAwMDAwMDAwfX0=",
          "dependencies": [
            "azurerm_resource_group.Weight-Tracker-App"
          ]
        }
      ]
    },
    {
      "mode": "managed",
      "type": "azurerm_lb",
      "name": "Load-Balancer-app",
      "provider": "provider[\"registry.terraform.io/hashicorp/azurerm\"]",
      "instances": [
        {
          "schema_version": 0,
          "attributes": {
            "edge_zone": "",
            "frontend_ip_configuration": [
              {
                "gateway_load_balancer_frontend_ip_configuration_id": "",
                "id": "/subscriptions/7f0e582d-04ad-48ec-81e6-ef58f134b3af/resourceGroups/Weight-Tracker-App/providers/Microsoft.Network/loadBalancers/loadBalancer/frontendIPConfigurations/LB-FRONT",
                "inbound_nat_rules": [],
                "load_balancer_rules": [],
                "name": "LB-FRONT",
                "outbound_rules": [],
                "private_ip_address": "",
                "private_ip_address_allocation": "Dynamic",
                "private_ip_address_version": "",
                "public_ip_address_id": "/subscriptions/7f0e582d-04ad-48ec-81e6-ef58f134b3af/resourceGroups/Weight-Tracker-App/providers/Microsoft.Network/publicIPAddresses/publicIPForLB",
                "public_ip_prefix_id": "",
                "subnet_id": "",
                "zones": []
              }
            ],
            "id": "/subscriptions/7f0e582d-04ad-48ec-81e6-ef58f134b3af/resourceGroups/Weight-Tracker-App/providers/Microsoft.Network/loadBalancers/loadBalancer",
            "location": "westus",
            "name": "loadBalancer",
            "private_ip_address": "",
            "private_ip_addresses": [],
            "resource_group_name": "Weight-Tracker-App",
            "sku": "Basic",
            "sku_tier": "Regional",
            "tags": {},
            "timeouts": null
          },
          "sensitive_attributes": [],
          "private": "eyJlMmJmYjczMC1lY2FhLTExZTYtOGY4OC0zNDM2M2JjN2M0YzAiOnsiY3JlYXRlIjoxODAwMDAwMDAwMDAwLCJkZWxldGUiOjE4MDAwMDAwMDAwMDAsInJlYWQiOjMwMDAwMDAwMDAwMCwidXBkYXRlIjoxODAwMDAwMDAwMDAwfX0=",
          "dependencies": [
            "azurerm_public_ip.Public_IP",
            "azurerm_resource_group.Weight-Tracker-App"
          ]
        }
      ]
    },
    {
      "mode": "managed",
      "type": "azurerm_lb_backend_address_pool",
      "name": "LB-Back",
      "provider": "provider[\"registry.terraform.io/hashicorp/azurerm\"]",
      "instances": [
        {
          "schema_version": 0,
          "attributes": {
            "backend_ip_configurations": [],
            "id": "/subscriptions/7f0e582d-04ad-48ec-81e6-ef58f134b3af/resourceGroups/Weight-Tracker-App/providers/Microsoft.Network/loadBalancers/loadBalancer/backendAddressPools/BackEndAddressPool",
            "load_balancing_rules": [],
            "loadbalancer_id": "/subscriptions/7f0e582d-04ad-48ec-81e6-ef58f134b3af/resourceGroups/Weight-Tracker-App/providers/Microsoft.Network/loadBalancers/loadBalancer",
            "name": "BackEndAddressPool",
            "outbound_rules": [],
            "timeouts": null,
            "tunnel_interface": []
          },
          "sensitive_attributes": [],
          "private": "eyJlMmJmYjczMC1lY2FhLTExZTYtOGY4OC0zNDM2M2JjN2M0YzAiOnsiY3JlYXRlIjoxODAwMDAwMDAwMDAwLCJkZWxldGUiOjE4MDAwMDAwMDAwMDAsInJlYWQiOjMwMDAwMDAwMDAwMCwidXBkYXRlIjoxODAwMDAwMDAwMDAwfX0=",
          "dependencies": [
            "azurerm_lb.Load-Balancer-app",
            "azurerm_public_ip.Public_IP",
            "azurerm_resource_group.Weight-Tracker-App"
          ]
        }
      ]
    },
    {
      "mode": "managed",
      "type": "azurerm_lb_probe",
      "name": "lbProbe",
      "provider": "provider[\"registry.terraform.io/hashicorp/azurerm\"]",
      "instances": [
        {
          "schema_version": 0,
          "attributes": {
            "id": "/subscriptions/7f0e582d-04ad-48ec-81e6-ef58f134b3af/resourceGroups/Weight-Tracker-App/providers/Microsoft.Network/loadBalancers/loadBalancer/probes/tcpProbe",
            "interval_in_seconds": 5,
            "load_balancer_rules": [],
            "loadbalancer_id": "/subscriptions/7f0e582d-04ad-48ec-81e6-ef58f134b3af/resourceGroups/Weight-Tracker-App/providers/Microsoft.Network/loadBalancers/loadBalancer",
            "name": "tcpProbe",
            "number_of_probes": 2,
            "port": 8080,
            "protocol": "Http",
            "request_path": "/",
            "timeouts": null
          },
          "sensitive_attributes": [],
          "private": "eyJlMmJmYjczMC1lY2FhLTExZTYtOGY4OC0zNDM2M2JjN2M0YzAiOnsiY3JlYXRlIjoxODAwMDAwMDAwMDAwLCJkZWxldGUiOjE4MDAwMDAwMDAwMDAsInJlYWQiOjMwMDAwMDAwMDAwMCwidXBkYXRlIjoxODAwMDAwMDAwMDAwfX0=",
          "dependencies": [
            "azurerm_lb.Load-Balancer-app",
            "azurerm_public_ip.Public_IP",
            "azurerm_resource_group.Weight-Tracker-App"
          ]
        }
      ]
    },
    {
      "mode": "managed",
      "type": "azurerm_lb_rule",
      "name": "LoadBalancerRule8080",
      "provider": "provider[\"registry.terraform.io/hashicorp/azurerm\"]",
      "instances": [
        {
          "schema_version": 0,
          "attributes": {
            "backend_address_pool_ids": [
              "/subscriptions/7f0e582d-04ad-48ec-81e6-ef58f134b3af/resourceGroups/Weight-Tracker-App/providers/Microsoft.Network/loadBalancers/loadBalancer/backendAddressPools/BackEndAddressPool"
            ],
            "backend_port": 8080,
            "disable_outbound_snat": false,
            "enable_floating_ip": false,
            "enable_tcp_reset": false,
            "frontend_ip_configuration_id": "/subscriptions/7f0e582d-04ad-48ec-81e6-ef58f134b3af/resourceGroups/Weight-Tracker-App/providers/Microsoft.Network/loadBalancers/loadBalancer/frontendIPConfigurations/LB-FRONT",
            "frontend_ip_configuration_name": "LB-FRONT",
            "frontend_port": 8080,
            "id": "/subscriptions/7f0e582d-04ad-48ec-81e6-ef58f134b3af/resourceGroups/Weight-Tracker-App/providers/Microsoft.Network/loadBalancers/loadBalancer/loadBalancingRules/port_8080",
            "idle_timeout_in_minutes": 4,
            "load_distribution": "Default",
            "loadbalancer_id": "/subscriptions/7f0e582d-04ad-48ec-81e6-ef58f134b3af/resourceGroups/Weight-Tracker-App/providers/Microsoft.Network/loadBalancers/loadBalancer",
            "name": "port_8080",
            "probe_id": "/subscriptions/7f0e582d-04ad-48ec-81e6-ef58f134b3af/resourceGroups/Weight-Tracker-App/providers/Microsoft.Network/loadBalancers/loadBalancer/probes/tcpProbe",
            "protocol": "Tcp",
            "timeouts": null
          },
          "sensitive_attributes": [],
          "private": "eyJlMmJmYjczMC1lY2FhLTExZTYtOGY4OC0zNDM2M2JjN2M0YzAiOnsiY3JlYXRlIjoxODAwMDAwMDAwMDAwLCJkZWxldGUiOjE4MDAwMDAwMDAwMDAsInJlYWQiOjMwMDAwMDAwMDAwMCwidXBkYXRlIjoxODAwMDAwMDAwMDAwfX0=",
          "dependencies": [
            "azurerm_lb.Load-Balancer-app",
            "azurerm_lb_backend_address_pool.LB-Back",
            "azurerm_lb_probe.lbProbe"
          ]
        }
      ]
    },
    {
      "mode": "managed",
      "type": "azurerm_managed_disk",
      "name": "VM-APP-SERVER-DISK",
      "provider": "provider[\"registry.terraform.io/hashicorp/azurerm\"]",
      "instances": [
        {
          "schema_version": 0,
          "attributes": {
            "create_option": "Empty",
            "disk_access_id": "",
            "disk_encryption_set_id": "",
            "disk_iops_read_only": 0,
            "disk_iops_read_write": 500,
            "disk_mbps_read_only": 0,
            "disk_mbps_read_write": 60,
            "disk_size_gb": 70,
            "edge_zone": "",
            "encryption_settings": [],
            "gallery_image_reference_id": "",
            "hyper_v_generation": "",
            "id": "/subscriptions/7f0e582d-04ad-48ec-81e6-ef58f134b3af/resourceGroups/Weight-Tracker-App/providers/Microsoft.Compute/disks/VM-APP-SERVER-DISK",
            "image_reference_id": "",
            "location": "westus",
            "logical_sector_size": null,
            "max_shares": 0,
            "name": "VM-APP-SERVER-DISK",
            "network_access_policy": null,
            "on_demand_bursting_enabled": false,
            "os_type": "",
            "public_network_access_enabled": true,
            "resource_group_name": "Weight-Tracker-App",
            "source_resource_id": "",
            "source_uri": "",
            "storage_account_id": "",
            "storage_account_type": "Standard_LRS",
            "tags": {},
            "tier": "",
            "timeouts": null,
            "trusted_launch_enabled": false,
            "zone": ""
          },
          "sensitive_attributes": [],
          "private": "eyJlMmJmYjczMC1lY2FhLTExZTYtOGY4OC0zNDM2M2JjN2M0YzAiOnsiY3JlYXRlIjoxODAwMDAwMDAwMDAwLCJkZWxldGUiOjE4MDAwMDAwMDAwMDAsInJlYWQiOjMwMDAwMDAwMDAwMCwidXBkYXRlIjoxODAwMDAwMDAwMDAwfX0=",
          "dependencies": [
            "azurerm_resource_group.Weight-Tracker-App"
          ]
        }
      ]
    },
    {
      "mode": "managed",
      "type": "azurerm_managed_disk",
      "name": "VM-DB-SERVER-DISK",
      "provider": "provider[\"registry.terraform.io/hashicorp/azurerm\"]",
      "instances": [
        {
          "schema_version": 0,
          "attributes": {
            "create_option": "Empty",
            "disk_access_id": "",
            "disk_encryption_set_id": "",
            "disk_iops_read_only": 0,
            "disk_iops_read_write": 500,
            "disk_mbps_read_only": 0,
            "disk_mbps_read_write": 60,
            "disk_size_gb": 70,
            "edge_zone": "",
            "encryption_settings": [],
            "gallery_image_reference_id": "",
            "hyper_v_generation": "",
            "id": "/subscriptions/7f0e582d-04ad-48ec-81e6-ef58f134b3af/resourceGroups/Weight-Tracker-App/providers/Microsoft.Compute/disks/VM-DB-SERVER-DISK",
            "image_reference_id": "",
            "location": "westus",
            "logical_sector_size": null,
            "max_shares": 0,
            "name": "VM-DB-SERVER-DISK",
            "network_access_policy": null,
            "on_demand_bursting_enabled": false,
            "os_type": "",
            "public_network_access_enabled": true,
            "resource_group_name": "Weight-Tracker-App",
            "source_resource_id": "",
            "source_uri": "",
            "storage_account_id": "",
            "storage_account_type": "Standard_LRS",
            "tags": {},
            "tier": "",
            "timeouts": null,
            "trusted_launch_enabled": false,
            "zone": ""
          },
          "sensitive_attributes": [],
          "private": "eyJlMmJmYjczMC1lY2FhLTExZTYtOGY4OC0zNDM2M2JjN2M0YzAiOnsiY3JlYXRlIjoxODAwMDAwMDAwMDAwLCJkZWxldGUiOjE4MDAwMDAwMDAwMDAsInJlYWQiOjMwMDAwMDAwMDAwMCwidXBkYXRlIjoxODAwMDAwMDAwMDAwfX0=",
          "dependencies": [
            "azurerm_resource_group.Weight-Tracker-App"
          ]
        }
      ]
    },
    {
      "mode": "managed",
      "type": "azurerm_network_interface",
      "name": "VM-APP-NIC",
      "provider": "provider[\"registry.terraform.io/hashicorp/azurerm\"]",
      "instances": [
        {
          "index_key": 0,
          "schema_version": 0,
          "attributes": {
            "applied_dns_servers": [],
            "dns_servers": [],
            "edge_zone": "",
            "enable_accelerated_networking": false,
            "enable_ip_forwarding": false,
            "id": "/subscriptions/7f0e582d-04ad-48ec-81e6-ef58f134b3af/resourceGroups/Weight-Tracker-App/providers/Microsoft.Network/networkInterfaces/VM-APP-NIC0",
            "internal_dns_name_label": "",
            "internal_domain_name_suffix": "5zt0lcuidxpuvixet2w0gskpzh.dx.internal.cloudapp.net",
            "ip_configuration": [
              {
                "gateway_load_balancer_frontend_ip_configuration_id": "",
                "name": "VM-APP-SUB",
                "primary": true,
                "private_ip_address": "10.0.1.6",
                "private_ip_address_allocation": "Dynamic",
                "private_ip_address_version": "IPv4",
                "public_ip_address_id": "",
                "subnet_id": "/subscriptions/7f0e582d-04ad-48ec-81e6-ef58f134b3af/resourceGroups/Weight-Tracker-App/providers/Microsoft.Network/virtualNetworks/Weight-Tracker-Network/subnets/AppSubnet"
              }
            ],
            "location": "westus",
            "mac_address": "00-22-48-02-E8-61",
            "name": "VM-APP-NIC0",
            "private_ip_address": "10.0.1.6",
            "private_ip_addresses": [
              "10.0.1.6"
            ],
            "resource_group_name": "Weight-Tracker-App",
            "tags": {},
            "timeouts": null,
            "virtual_machine_id": "/subscriptions/7f0e582d-04ad-48ec-81e6-ef58f134b3af/resourceGroups/Weight-Tracker-App/providers/Microsoft.Compute/virtualMachines/VM-APP-SERVER0"
          },
          "sensitive_attributes": [],
          "private": "eyJlMmJmYjczMC1lY2FhLTExZTYtOGY4OC0zNDM2M2JjN2M0YzAiOnsiY3JlYXRlIjoxODAwMDAwMDAwMDAwLCJkZWxldGUiOjE4MDAwMDAwMDAwMDAsInJlYWQiOjMwMDAwMDAwMDAwMCwidXBkYXRlIjoxODAwMDAwMDAwMDAwfX0=",
          "dependencies": [
            "azurerm_resource_group.Weight-Tracker-App",
            "azurerm_subnet.AppSubnet",
            "azurerm_virtual_network.vnet"
          ]
        },
        {
          "index_key": 1,
          "schema_version": 0,
          "attributes": {
            "applied_dns_servers": [],
            "dns_servers": [],
            "edge_zone": "",
            "enable_accelerated_networking": false,
            "enable_ip_forwarding": false,
            "id": "/subscriptions/7f0e582d-04ad-48ec-81e6-ef58f134b3af/resourceGroups/Weight-Tracker-App/providers/Microsoft.Network/networkInterfaces/VM-APP-NIC1",
            "internal_dns_name_label": "",
            "internal_domain_name_suffix": "5zt0lcuidxpuvixet2w0gskpzh.dx.internal.cloudapp.net",
            "ip_configuration": [
              {
                "gateway_load_balancer_frontend_ip_configuration_id": "",
                "name": "VM-APP-SUB",
                "primary": true,
                "private_ip_address": "10.0.1.4",
                "private_ip_address_allocation": "Dynamic",
                "private_ip_address_version": "IPv4",
                "public_ip_address_id": "",
                "subnet_id": "/subscriptions/7f0e582d-04ad-48ec-81e6-ef58f134b3af/resourceGroups/Weight-Tracker-App/providers/Microsoft.Network/virtualNetworks/Weight-Tracker-Network/subnets/AppSubnet"
              }
            ],
            "location": "westus",
            "mac_address": "00-22-48-02-E1-D7",
            "name": "VM-APP-NIC1",
            "private_ip_address": "10.0.1.4",
            "private_ip_addresses": [
              "10.0.1.4"
            ],
            "resource_group_name": "Weight-Tracker-App",
            "tags": {},
            "timeouts": null,
            "virtual_machine_id": "/subscriptions/7f0e582d-04ad-48ec-81e6-ef58f134b3af/resourceGroups/Weight-Tracker-App/providers/Microsoft.Compute/virtualMachines/VM-APP-SERVER1"
          },
          "sensitive_attributes": [],
          "private": "eyJlMmJmYjczMC1lY2FhLTExZTYtOGY4OC0zNDM2M2JjN2M0YzAiOnsiY3JlYXRlIjoxODAwMDAwMDAwMDAwLCJkZWxldGUiOjE4MDAwMDAwMDAwMDAsInJlYWQiOjMwMDAwMDAwMDAwMCwidXBkYXRlIjoxODAwMDAwMDAwMDAwfX0=",
          "dependencies": [
            "azurerm_resource_group.Weight-Tracker-App",
            "azurerm_subnet.AppSubnet",
            "azurerm_virtual_network.vnet"
          ]
        },
        {
          "index_key": 2,
          "schema_version": 0,
          "attributes": {
            "applied_dns_servers": [],
            "dns_servers": [],
            "edge_zone": "",
            "enable_accelerated_networking": false,
            "enable_ip_forwarding": false,
            "id": "/subscriptions/7f0e582d-04ad-48ec-81e6-ef58f134b3af/resourceGroups/Weight-Tracker-App/providers/Microsoft.Network/networkInterfaces/VM-APP-NIC2",
            "internal_dns_name_label": "",
            "internal_domain_name_suffix": "5zt0lcuidxpuvixet2w0gskpzh.dx.internal.cloudapp.net",
            "ip_configuration": [
              {
                "gateway_load_balancer_frontend_ip_configuration_id": "",
                "name": "VM-APP-SUB",
                "primary": true,
                "private_ip_address": "10.0.1.5",
                "private_ip_address_allocation": "Dynamic",
                "private_ip_address_version": "IPv4",
                "public_ip_address_id": "",
                "subnet_id": "/subscriptions/7f0e582d-04ad-48ec-81e6-ef58f134b3af/resourceGroups/Weight-Tracker-App/providers/Microsoft.Network/virtualNetworks/Weight-Tracker-Network/subnets/AppSubnet"
              }
            ],
            "location": "westus",
            "mac_address": "00-22-48-02-E0-60",
            "name": "VM-APP-NIC2",
            "private_ip_address": "10.0.1.5",
            "private_ip_addresses": [
              "10.0.1.5"
            ],
            "resource_group_name": "Weight-Tracker-App",
            "tags": {},
            "timeouts": null,
            "virtual_machine_id": "/subscriptions/7f0e582d-04ad-48ec-81e6-ef58f134b3af/resourceGroups/Weight-Tracker-App/providers/Microsoft.Compute/virtualMachines/VM-APP-SERVER2"
          },
          "sensitive_attributes": [],
          "private": "eyJlMmJmYjczMC1lY2FhLTExZTYtOGY4OC0zNDM2M2JjN2M0YzAiOnsiY3JlYXRlIjoxODAwMDAwMDAwMDAwLCJkZWxldGUiOjE4MDAwMDAwMDAwMDAsInJlYWQiOjMwMDAwMDAwMDAwMCwidXBkYXRlIjoxODAwMDAwMDAwMDAwfX0=",
          "dependencies": [
            "azurerm_resource_group.Weight-Tracker-App",
            "azurerm_subnet.AppSubnet",
            "azurerm_virtual_network.vnet"
          ]
        }
      ]
    },
    {
      "mode": "managed",
      "type": "azurerm_network_interface",
      "name": "VM-DB-NIC",
      "provider": "provider[\"registry.terraform.io/hashicorp/azurerm\"]",
      "instances": [
        {
          "index_key": 0,
          "schema_version": 0,
          "attributes": {
            "applied_dns_servers": [],
            "dns_servers": [],
            "edge_zone": "",
            "enable_accelerated_networking": false,
            "enable_ip_forwarding": false,
            "id": "/subscriptions/7f0e582d-04ad-48ec-81e6-ef58f134b3af/resourceGroups/Weight-Tracker-App/providers/Microsoft.Network/networkInterfaces/VM-DB-NIC0",
            "internal_dns_name_label": "",
            "internal_domain_name_suffix": "5zt0lcuidxpuvixet2w0gskpzh.dx.internal.cloudapp.net",
            "ip_configuration": [
              {
                "gateway_load_balancer_frontend_ip_configuration_id": "",
                "name": "VM-DB-SUB",
                "primary": true,
                "private_ip_address": "10.0.2.4",
                "private_ip_address_allocation": "Dynamic",
                "private_ip_address_version": "IPv4",
                "public_ip_address_id": "",
                "subnet_id": "/subscriptions/7f0e582d-04ad-48ec-81e6-ef58f134b3af/resourceGroups/Weight-Tracker-App/providers/Microsoft.Network/virtualNetworks/Weight-Tracker-Network/subnets/DBSubnet"
              }
            ],
            "location": "westus",
            "mac_address": "00-22-48-02-EA-B5",
            "name": "VM-DB-NIC0",
            "private_ip_address": "10.0.2.4",
            "private_ip_addresses": [
              "10.0.2.4"
            ],
            "resource_group_name": "Weight-Tracker-App",
            "tags": {},
            "timeouts": null,
            "virtual_machine_id": "/subscriptions/7f0e582d-04ad-48ec-81e6-ef58f134b3af/resourceGroups/Weight-Tracker-App/providers/Microsoft.Compute/virtualMachines/VM-DB-SERVER"
          },
          "sensitive_attributes": [],
          "private": "eyJlMmJmYjczMC1lY2FhLTExZTYtOGY4OC0zNDM2M2JjN2M0YzAiOnsiY3JlYXRlIjoxODAwMDAwMDAwMDAwLCJkZWxldGUiOjE4MDAwMDAwMDAwMDAsInJlYWQiOjMwMDAwMDAwMDAwMCwidXBkYXRlIjoxODAwMDAwMDAwMDAwfX0=",
          "dependencies": [
            "azurerm_resource_group.Weight-Tracker-App",
            "azurerm_subnet.DBSubnet",
            "azurerm_virtual_network.vnet"
          ]
        }
      ]
    },
    {
      "mode": "managed",
      "type": "azurerm_network_interface_backend_address_pool_association",
      "name": "LB-BACK-ASSAIN",
      "provider": "provider[\"registry.terraform.io/hashicorp/azurerm\"]",
      "instances": [
        {
          "index_key": 0,
          "schema_version": 0,
          "attributes": {
            "backend_address_pool_id": "/subscriptions/7f0e582d-04ad-48ec-81e6-ef58f134b3af/resourceGroups/Weight-Tracker-App/providers/Microsoft.Network/loadBalancers/loadBalancer/backendAddressPools/BackEndAddressPool",
            "id": "/subscriptions/7f0e582d-04ad-48ec-81e6-ef58f134b3af/resourceGroups/Weight-Tracker-App/providers/Microsoft.Network/networkInterfaces/VM-APP-NIC0/ipConfigurations/VM-APP-SUB|/subscriptions/7f0e582d-04ad-48ec-81e6-ef58f134b3af/resourceGroups/Weight-Tracker-App/providers/Microsoft.Network/loadBalancers/loadBalancer/backendAddressPools/BackEndAddressPool",
            "ip_configuration_name": "VM-APP-SUB",
            "network_interface_id": "/subscriptions/7f0e582d-04ad-48ec-81e6-ef58f134b3af/resourceGroups/Weight-Tracker-App/providers/Microsoft.Network/networkInterfaces/VM-APP-NIC0",
            "timeouts": null
          },
          "sensitive_attributes": [],
          "private": "eyJlMmJmYjczMC1lY2FhLTExZTYtOGY4OC0zNDM2M2JjN2M0YzAiOnsiY3JlYXRlIjoxODAwMDAwMDAwMDAwLCJkZWxldGUiOjE4MDAwMDAwMDAwMDAsInJlYWQiOjMwMDAwMDAwMDAwMCwidXBkYXRlIjoxODAwMDAwMDAwMDAwfX0=",
          "dependencies": [
            "azurerm_lb_backend_address_pool.LB-Back",
            "azurerm_network_interface.VM-APP-NIC"
          ]
        },
        {
          "index_key": 1,
          "schema_version": 0,
          "attributes": {
            "backend_address_pool_id": "/subscriptions/7f0e582d-04ad-48ec-81e6-ef58f134b3af/resourceGroups/Weight-Tracker-App/providers/Microsoft.Network/loadBalancers/loadBalancer/backendAddressPools/BackEndAddressPool",
            "id": "/subscriptions/7f0e582d-04ad-48ec-81e6-ef58f134b3af/resourceGroups/Weight-Tracker-App/providers/Microsoft.Network/networkInterfaces/VM-APP-NIC1/ipConfigurations/VM-APP-SUB|/subscriptions/7f0e582d-04ad-48ec-81e6-ef58f134b3af/resourceGroups/Weight-Tracker-App/providers/Microsoft.Network/loadBalancers/loadBalancer/backendAddressPools/BackEndAddressPool",
            "ip_configuration_name": "VM-APP-SUB",
            "network_interface_id": "/subscriptions/7f0e582d-04ad-48ec-81e6-ef58f134b3af/resourceGroups/Weight-Tracker-App/providers/Microsoft.Network/networkInterfaces/VM-APP-NIC1",
            "timeouts": null
          },
          "sensitive_attributes": [],
          "private": "eyJlMmJmYjczMC1lY2FhLTExZTYtOGY4OC0zNDM2M2JjN2M0YzAiOnsiY3JlYXRlIjoxODAwMDAwMDAwMDAwLCJkZWxldGUiOjE4MDAwMDAwMDAwMDAsInJlYWQiOjMwMDAwMDAwMDAwMCwidXBkYXRlIjoxODAwMDAwMDAwMDAwfX0=",
          "dependencies": [
            "azurerm_lb_backend_address_pool.LB-Back",
            "azurerm_network_interface.VM-APP-NIC"
          ]
        },
        {
          "index_key": 2,
          "schema_version": 0,
          "attributes": {
            "backend_address_pool_id": "/subscriptions/7f0e582d-04ad-48ec-81e6-ef58f134b3af/resourceGroups/Weight-Tracker-App/providers/Microsoft.Network/loadBalancers/loadBalancer/backendAddressPools/BackEndAddressPool",
            "id": "/subscriptions/7f0e582d-04ad-48ec-81e6-ef58f134b3af/resourceGroups/Weight-Tracker-App/providers/Microsoft.Network/networkInterfaces/VM-APP-NIC2/ipConfigurations/VM-APP-SUB|/subscriptions/7f0e582d-04ad-48ec-81e6-ef58f134b3af/resourceGroups/Weight-Tracker-App/providers/Microsoft.Network/loadBalancers/loadBalancer/backendAddressPools/BackEndAddressPool",
            "ip_configuration_name": "VM-APP-SUB",
            "network_interface_id": "/subscriptions/7f0e582d-04ad-48ec-81e6-ef58f134b3af/resourceGroups/Weight-Tracker-App/providers/Microsoft.Network/networkInterfaces/VM-APP-NIC2",
            "timeouts": null
          },
          "sensitive_attributes": [],
          "private": "eyJlMmJmYjczMC1lY2FhLTExZTYtOGY4OC0zNDM2M2JjN2M0YzAiOnsiY3JlYXRlIjoxODAwMDAwMDAwMDAwLCJkZWxldGUiOjE4MDAwMDAwMDAwMDAsInJlYWQiOjMwMDAwMDAwMDAwMCwidXBkYXRlIjoxODAwMDAwMDAwMDAwfX0=",
          "dependencies": [
            "azurerm_lb_backend_address_pool.LB-Back",
            "azurerm_network_interface.VM-APP-NIC"
          ]
        }
      ]
    },
    {
      "mode": "managed",
      "type": "azurerm_network_security_group",
      "name": "APP-NET",
      "provider": "provider[\"registry.terraform.io/hashicorp/azurerm\"]",
      "instances": [
        {
          "schema_version": 0,
          "attributes": {
            "id": "/subscriptions/7f0e582d-04ad-48ec-81e6-ef58f134b3af/resourceGroups/Weight-Tracker-App/providers/Microsoft.Network/networkSecurityGroups/APP-NET-NSG",
            "location": "westus",
            "name": "APP-NET-NSG",
            "resource_group_name": "Weight-Tracker-App",
            "security_rule": [
              {
                "access": "Allow",
                "description": "",
                "destination_address_prefix": "*",
                "destination_address_prefixes": [],
                "destination_application_security_group_ids": [],
                "destination_port_range": "*",
                "destination_port_ranges": [],
                "direction": "Inbound",
                "name": "PORT_22",
                "priority": 110,
                "protocol": "Tcp",
                "source_address_prefix": "10.0.2.0/24",
                "source_address_prefixes": [],
                "source_application_security_group_ids": [],
                "source_port_range": "22",
                "source_port_ranges": []
              },
              {
                "access": "Allow",
                "description": "",
                "destination_address_prefix": "*",
                "destination_address_prefixes": [],
                "destination_application_security_group_ids": [],
                "destination_port_range": "*",
                "destination_port_ranges": [],
                "direction": "Inbound",
                "name": "PORT_8080",
                "priority": 100,
                "protocol": "*",
                "source_address_prefix": "*",
                "source_address_prefixes": [],
                "source_application_security_group_ids": [],
                "source_port_range": "8080",
                "source_port_ranges": []
              }
            ],
            "tags": {
              "environment": "Dev"
            },
            "timeouts": null
          },
          "sensitive_attributes": [],
          "private": "eyJlMmJmYjczMC1lY2FhLTExZTYtOGY4OC0zNDM2M2JjN2M0YzAiOnsiY3JlYXRlIjoxODAwMDAwMDAwMDAwLCJkZWxldGUiOjE4MDAwMDAwMDAwMDAsInJlYWQiOjMwMDAwMDAwMDAwMCwidXBkYXRlIjoxODAwMDAwMDAwMDAwfX0=",
          "dependencies": [
            "azurerm_resource_group.Weight-Tracker-App"
          ]
        }
      ]
    },
    {
      "mode": "managed",
      "type": "azurerm_network_security_group",
      "name": "DB-NET",
      "provider": "provider[\"registry.terraform.io/hashicorp/azurerm\"]",
      "instances": [
        {
          "schema_version": 0,
          "attributes": {
            "id": "/subscriptions/7f0e582d-04ad-48ec-81e6-ef58f134b3af/resourceGroups/Weight-Tracker-App/providers/Microsoft.Network/networkSecurityGroups/DB-NET-NSG",
            "location": "westus",
            "name": "DB-NET-NSG",
            "resource_group_name": "Weight-Tracker-App",
            "security_rule": [
              {
                "access": "Allow",
                "description": "",
                "destination_address_prefix": "*",
                "destination_address_prefixes": [],
                "destination_application_security_group_ids": [],
                "destination_port_range": "*",
                "destination_port_ranges": [],
                "direction": "Inbound",
                "name": "PORT_5432",
                "priority": 110,
                "protocol": "Tcp",
                "source_address_prefix": "10.0.1.0/24",
                "source_address_prefixes": [],
                "source_application_security_group_ids": [],
                "source_port_range": "5432",
                "source_port_ranges": []
              },
              {
                "access": "Allow",
                "description": "",
                "destination_address_prefix": "*",
                "destination_address_prefixes": [],
                "destination_application_security_group_ids": [],
                "destination_port_range": "*",
                "destination_port_ranges": [],
                "direction": "Inbound",
                "name": "SSH",
                "priority": 120,
                "protocol": "Tcp",
                "source_address_prefix": "10.0.1.0/24",
                "source_address_prefixes": [],
                "source_application_security_group_ids": [],
                "source_port_range": "22",
                "source_port_ranges": []
              },
              {
                "access": "Deny",
                "description": "",
                "destination_address_prefix": "*",
                "destination_address_prefixes": [],
                "destination_application_security_group_ids": [],
                "destination_port_range": "*",
                "destination_port_ranges": [],
                "direction": "Inbound",
                "name": "Deny_all",
                "priority": 150,
                "protocol": "*",
                "source_address_prefix": "*",
                "source_address_prefixes": [],
                "source_application_security_group_ids": [],
                "source_port_range": "*",
                "source_port_ranges": []
              }
            ],
            "tags": {
              "environment": "Dev"
            },
            "timeouts": null
          },
          "sensitive_attributes": [],
          "private": "eyJlMmJmYjczMC1lY2FhLTExZTYtOGY4OC0zNDM2M2JjN2M0YzAiOnsiY3JlYXRlIjoxODAwMDAwMDAwMDAwLCJkZWxldGUiOjE4MDAwMDAwMDAwMDAsInJlYWQiOjMwMDAwMDAwMDAwMCwidXBkYXRlIjoxODAwMDAwMDAwMDAwfX0=",
          "dependencies": [
            "azurerm_resource_group.Weight-Tracker-App"
          ]
        }
      ]
    },
    {
      "mode": "managed",
      "type": "azurerm_public_ip",
      "name": "Public_IP",
      "provider": "provider[\"registry.terraform.io/hashicorp/azurerm\"]",
      "instances": [
        {
          "schema_version": 0,
          "attributes": {
            "allocation_method": "Static",
            "domain_name_label": null,
            "edge_zone": "",
            "fqdn": null,
            "id": "/subscriptions/7f0e582d-04ad-48ec-81e6-ef58f134b3af/resourceGroups/Weight-Tracker-App/providers/Microsoft.Network/publicIPAddresses/publicIPForLB",
            "idle_timeout_in_minutes": 4,
            "ip_address": "20.59.117.14",
            "ip_tags": {},
            "ip_version": "IPv4",
            "location": "westus",
            "name": "publicIPForLB",
            "public_ip_prefix_id": null,
            "resource_group_name": "Weight-Tracker-App",
            "reverse_fqdn": null,
            "sku": "Basic",
            "sku_tier": "Regional",
            "tags": {},
            "timeouts": null,
            "zones": []
          },
          "sensitive_attributes": [],
          "private": "eyJlMmJmYjczMC1lY2FhLTExZTYtOGY4OC0zNDM2M2JjN2M0YzAiOnsiY3JlYXRlIjoxODAwMDAwMDAwMDAwLCJkZWxldGUiOjE4MDAwMDAwMDAwMDAsInJlYWQiOjMwMDAwMDAwMDAwMCwidXBkYXRlIjoxODAwMDAwMDAwMDAwfX0=",
          "dependencies": [
            "azurerm_resource_group.Weight-Tracker-App"
          ]
        }
      ]
    },
    {
      "mode": "managed",
      "type": "azurerm_resource_group",
      "name": "Weight-Tracker-App",
      "provider": "provider[\"registry.terraform.io/hashicorp/azurerm\"]",
      "instances": [
        {
          "schema_version": 0,
          "attributes": {
            "id": "/subscriptions/7f0e582d-04ad-48ec-81e6-ef58f134b3af/resourceGroups/Weight-Tracker-App",
            "location": "westus",
            "name": "Weight-Tracker-App",
            "tags": {},
            "timeouts": null
          },
          "sensitive_attributes": [],
          "private": "eyJlMmJmYjczMC1lY2FhLTExZTYtOGY4OC0zNDM2M2JjN2M0YzAiOnsiY3JlYXRlIjo1NDAwMDAwMDAwMDAwLCJkZWxldGUiOjU0MDAwMDAwMDAwMDAsInJlYWQiOjMwMDAwMDAwMDAwMCwidXBkYXRlIjo1NDAwMDAwMDAwMDAwfX0="
        }
      ]
    },
    {
      "mode": "managed",
      "type": "azurerm_subnet",
      "name": "AppSubnet",
      "provider": "provider[\"registry.terraform.io/hashicorp/azurerm\"]",
      "instances": [
        {
          "schema_version": 0,
          "attributes": {
            "address_prefixes": [
              "10.0.1.0/24"
            ],
            "delegation": [],
            "enforce_private_link_endpoint_network_policies": false,
            "enforce_private_link_service_network_policies": false,
            "id": "/subscriptions/7f0e582d-04ad-48ec-81e6-ef58f134b3af/resourceGroups/Weight-Tracker-App/providers/Microsoft.Network/virtualNetworks/Weight-Tracker-Network/subnets/AppSubnet",
            "name": "AppSubnet",
            "resource_group_name": "Weight-Tracker-App",
            "service_endpoint_policy_ids": [],
            "service_endpoints": [],
            "timeouts": null,
            "virtual_network_name": "Weight-Tracker-Network"
          },
          "sensitive_attributes": [],
          "private": "eyJlMmJmYjczMC1lY2FhLTExZTYtOGY4OC0zNDM2M2JjN2M0YzAiOnsiY3JlYXRlIjoxODAwMDAwMDAwMDAwLCJkZWxldGUiOjE4MDAwMDAwMDAwMDAsInJlYWQiOjMwMDAwMDAwMDAwMCwidXBkYXRlIjoxODAwMDAwMDAwMDAwfX0=",
          "dependencies": [
            "azurerm_resource_group.Weight-Tracker-App",
            "azurerm_virtual_network.vnet"
          ]
        }
      ]
    },
    {
      "mode": "managed",
      "type": "azurerm_subnet",
      "name": "DBSubnet",
      "provider": "provider[\"registry.terraform.io/hashicorp/azurerm\"]",
      "instances": [
        {
          "schema_version": 0,
          "attributes": {
            "address_prefixes": [
              "10.0.2.0/24"
            ],
            "delegation": [],
            "enforce_private_link_endpoint_network_policies": false,
            "enforce_private_link_service_network_policies": false,
            "id": "/subscriptions/7f0e582d-04ad-48ec-81e6-ef58f134b3af/resourceGroups/Weight-Tracker-App/providers/Microsoft.Network/virtualNetworks/Weight-Tracker-Network/subnets/DBSubnet",
            "name": "DBSubnet",
            "resource_group_name": "Weight-Tracker-App",
            "service_endpoint_policy_ids": [],
            "service_endpoints": [],
            "timeouts": null,
            "virtual_network_name": "Weight-Tracker-Network"
          },
          "sensitive_attributes": [],
          "private": "eyJlMmJmYjczMC1lY2FhLTExZTYtOGY4OC0zNDM2M2JjN2M0YzAiOnsiY3JlYXRlIjoxODAwMDAwMDAwMDAwLCJkZWxldGUiOjE4MDAwMDAwMDAwMDAsInJlYWQiOjMwMDAwMDAwMDAwMCwidXBkYXRlIjoxODAwMDAwMDAwMDAwfX0=",
          "dependencies": [
            "azurerm_resource_group.Weight-Tracker-App",
            "azurerm_virtual_network.vnet"
          ]
        }
      ]
    },
    {
      "mode": "managed",
      "type": "azurerm_virtual_machine",
      "name": "VM-APP-SERVER",
      "provider": "provider[\"registry.terraform.io/hashicorp/azurerm\"]",
      "instances": [
        {
          "index_key": 0,
          "schema_version": 0,
          "attributes": {
            "additional_capabilities": [],
            "availability_set_id": "/subscriptions/7f0e582d-04ad-48ec-81e6-ef58f134b3af/resourcegroups/weight-tracker-app/providers/microsoft.compute/availabilitysets/avset",
            "boot_diagnostics": [],
            "delete_data_disks_on_termination": false,
            "delete_os_disk_on_termination": false,
            "id": "/subscriptions/7f0e582d-04ad-48ec-81e6-ef58f134b3af/resourceGroups/Weight-Tracker-App/providers/Microsoft.Compute/virtualMachines/VM-APP-SERVER0",
            "identity": [],
            "license_type": null,
            "location": "westus",
            "name": "VM-APP-SERVER0",
            "network_interface_ids": [
              "/subscriptions/7f0e582d-04ad-48ec-81e6-ef58f134b3af/resourceGroups/Weight-Tracker-App/providers/Microsoft.Network/networkInterfaces/VM-APP-NIC0"
            ],
            "os_profile": [
              {
                "admin_password": "",
                "admin_username": "appuser",
                "computer_name": "VM-APP-SERVER",
                "custom_data": ""
              }
            ],
            "os_profile_linux_config": [
              {
                "disable_password_authentication": false,
                "ssh_keys": []
              }
            ],
            "os_profile_secrets": [],
            "os_profile_windows_config": [],
            "plan": [],
            "primary_network_interface_id": null,
            "proximity_placement_group_id": null,
            "resource_group_name": "Weight-Tracker-App",
            "storage_data_disk": [],
            "storage_image_reference": [
              {
                "id": "",
                "offer": "0001-com-ubuntu-server-focal",
                "publisher": "Canonical",
                "sku": "20_04-lts",
                "version": "latest"
              }
            ],
            "storage_os_disk": [
              {
                "caching": "ReadWrite",
                "create_option": "FromImage",
                "disk_size_gb": 30,
                "image_uri": "",
                "managed_disk_id": "/subscriptions/7f0e582d-04ad-48ec-81e6-ef58f134b3af/resourceGroups/Weight-Tracker-App/providers/Microsoft.Compute/disks/APPsDisk0",
                "managed_disk_type": "Standard_LRS",
                "name": "APPsDisk0",
                "os_type": "Linux",
                "vhd_uri": "",
                "write_accelerator_enabled": false
              }
            ],
            "tags": {},
            "timeouts": null,
            "vm_size": "Standard_DS1_v2",
            "zones": []
          },
          "sensitive_attributes": [],
          "private": "eyJlMmJmYjczMC1lY2FhLTExZTYtOGY4OC0zNDM2M2JjN2M0YzAiOnsiY3JlYXRlIjozNjAwMDAwMDAwMDAwLCJkZWxldGUiOjM2MDAwMDAwMDAwMDAsInJlYWQiOjMwMDAwMDAwMDAwMCwidXBkYXRlIjozNjAwMDAwMDAwMDAwfX0=",
          "dependencies": [
            "azurerm_availability_set.avset",
            "azurerm_network_interface.VM-APP-NIC",
            "azurerm_resource_group.Weight-Tracker-App",
            "azurerm_subnet.AppSubnet",
            "azurerm_virtual_network.vnet"
          ]
        },
        {
          "index_key": 1,
          "schema_version": 0,
          "attributes": {
            "additional_capabilities": [],
            "availability_set_id": "/subscriptions/7f0e582d-04ad-48ec-81e6-ef58f134b3af/resourcegroups/weight-tracker-app/providers/microsoft.compute/availabilitysets/avset",
            "boot_diagnostics": [],
            "delete_data_disks_on_termination": false,
            "delete_os_disk_on_termination": false,
            "id": "/subscriptions/7f0e582d-04ad-48ec-81e6-ef58f134b3af/resourceGroups/Weight-Tracker-App/providers/Microsoft.Compute/virtualMachines/VM-APP-SERVER1",
            "identity": [],
            "license_type": null,
            "location": "westus",
            "name": "VM-APP-SERVER1",
            "network_interface_ids": [
              "/subscriptions/7f0e582d-04ad-48ec-81e6-ef58f134b3af/resourceGroups/Weight-Tracker-App/providers/Microsoft.Network/networkInterfaces/VM-APP-NIC1"
            ],
            "os_profile": [
              {
                "admin_password": "",
                "admin_username": "appuser",
                "computer_name": "VM-APP-SERVER",
                "custom_data": ""
              }
            ],
            "os_profile_linux_config": [
              {
                "disable_password_authentication": false,
                "ssh_keys": []
              }
            ],
            "os_profile_secrets": [],
            "os_profile_windows_config": [],
            "plan": [],
            "primary_network_interface_id": null,
            "proximity_placement_group_id": null,
            "resource_group_name": "Weight-Tracker-App",
            "storage_data_disk": [],
            "storage_image_reference": [
              {
                "id": "",
                "offer": "0001-com-ubuntu-server-focal",
                "publisher": "Canonical",
                "sku": "20_04-lts",
                "version": "latest"
              }
            ],
            "storage_os_disk": [
              {
                "caching": "ReadWrite",
                "create_option": "FromImage",
                "disk_size_gb": 30,
                "image_uri": "",
                "managed_disk_id": "/subscriptions/7f0e582d-04ad-48ec-81e6-ef58f134b3af/resourceGroups/Weight-Tracker-App/providers/Microsoft.Compute/disks/APPsDisk1",
                "managed_disk_type": "Standard_LRS",
                "name": "APPsDisk1",
                "os_type": "Linux",
                "vhd_uri": "",
                "write_accelerator_enabled": false
              }
            ],
            "tags": {},
            "timeouts": null,
            "vm_size": "Standard_DS1_v2",
            "zones": []
          },
          "sensitive_attributes": [],
          "private": "eyJlMmJmYjczMC1lY2FhLTExZTYtOGY4OC0zNDM2M2JjN2M0YzAiOnsiY3JlYXRlIjozNjAwMDAwMDAwMDAwLCJkZWxldGUiOjM2MDAwMDAwMDAwMDAsInJlYWQiOjMwMDAwMDAwMDAwMCwidXBkYXRlIjozNjAwMDAwMDAwMDAwfX0=",
          "dependencies": [
            "azurerm_availability_set.avset",
            "azurerm_network_interface.VM-APP-NIC",
            "azurerm_resource_group.Weight-Tracker-App",
            "azurerm_subnet.AppSubnet",
            "azurerm_virtual_network.vnet"
          ]
        },
        {
          "index_key": 2,
          "schema_version": 0,
          "attributes": {
            "additional_capabilities": [],
            "availability_set_id": "/subscriptions/7f0e582d-04ad-48ec-81e6-ef58f134b3af/resourcegroups/weight-tracker-app/providers/microsoft.compute/availabilitysets/avset",
            "boot_diagnostics": [],
            "delete_data_disks_on_termination": false,
            "delete_os_disk_on_termination": false,
            "id": "/subscriptions/7f0e582d-04ad-48ec-81e6-ef58f134b3af/resourceGroups/Weight-Tracker-App/providers/Microsoft.Compute/virtualMachines/VM-APP-SERVER2",
            "identity": [],
            "license_type": null,
            "location": "westus",
            "name": "VM-APP-SERVER2",
            "network_interface_ids": [
              "/subscriptions/7f0e582d-04ad-48ec-81e6-ef58f134b3af/resourceGroups/Weight-Tracker-App/providers/Microsoft.Network/networkInterfaces/VM-APP-NIC2"
            ],
            "os_profile": [
              {
                "admin_password": "",
                "admin_username": "appuser",
                "computer_name": "VM-APP-SERVER",
                "custom_data": ""
              }
            ],
            "os_profile_linux_config": [
              {
                "disable_password_authentication": false,
                "ssh_keys": []
              }
            ],
            "os_profile_secrets": [],
            "os_profile_windows_config": [],
            "plan": [],
            "primary_network_interface_id": null,
            "proximity_placement_group_id": null,
            "resource_group_name": "Weight-Tracker-App",
            "storage_data_disk": [],
            "storage_image_reference": [
              {
                "id": "",
                "offer": "0001-com-ubuntu-server-focal",
                "publisher": "Canonical",
                "sku": "20_04-lts",
                "version": "latest"
              }
            ],
            "storage_os_disk": [
              {
                "caching": "ReadWrite",
                "create_option": "FromImage",
                "disk_size_gb": 30,
                "image_uri": "",
                "managed_disk_id": "/subscriptions/7f0e582d-04ad-48ec-81e6-ef58f134b3af/resourceGroups/Weight-Tracker-App/providers/Microsoft.Compute/disks/APPsDisk2",
                "managed_disk_type": "Standard_LRS",
                "name": "APPsDisk2",
                "os_type": "Linux",
                "vhd_uri": "",
                "write_accelerator_enabled": false
              }
            ],
            "tags": {},
            "timeouts": null,
            "vm_size": "Standard_DS1_v2",
            "zones": []
          },
          "sensitive_attributes": [],
          "private": "eyJlMmJmYjczMC1lY2FhLTExZTYtOGY4OC0zNDM2M2JjN2M0YzAiOnsiY3JlYXRlIjozNjAwMDAwMDAwMDAwLCJkZWxldGUiOjM2MDAwMDAwMDAwMDAsInJlYWQiOjMwMDAwMDAwMDAwMCwidXBkYXRlIjozNjAwMDAwMDAwMDAwfX0=",
          "dependencies": [
            "azurerm_availability_set.avset",
            "azurerm_network_interface.VM-APP-NIC",
            "azurerm_resource_group.Weight-Tracker-App",
            "azurerm_subnet.AppSubnet",
            "azurerm_virtual_network.vnet"
          ]
        }
      ]
    },
    {
      "mode": "managed",
      "type": "azurerm_virtual_machine",
      "name": "VM-DB-SERVER",
      "provider": "provider[\"registry.terraform.io/hashicorp/azurerm\"]",
      "instances": [
        {
          "index_key": 0,
          "schema_version": 0,
          "attributes": {
            "additional_capabilities": [],
            "availability_set_id": "/subscriptions/7f0e582d-04ad-48ec-81e6-ef58f134b3af/resourcegroups/weight-tracker-app/providers/microsoft.compute/availabilitysets/avset",
            "boot_diagnostics": [],
            "delete_data_disks_on_termination": false,
            "delete_os_disk_on_termination": false,
            "id": "/subscriptions/7f0e582d-04ad-48ec-81e6-ef58f134b3af/resourceGroups/Weight-Tracker-App/providers/Microsoft.Compute/virtualMachines/VM-DB-SERVER",
            "identity": [],
            "license_type": null,
            "location": "westus",
            "name": "VM-DB-SERVER",
            "network_interface_ids": [
              "/subscriptions/7f0e582d-04ad-48ec-81e6-ef58f134b3af/resourceGroups/Weight-Tracker-App/providers/Microsoft.Network/networkInterfaces/VM-DB-NIC0"
            ],
            "os_profile": [
              {
                "admin_password": "",
                "admin_username": "postgres",
                "computer_name": "VM-DB-SERVER",
                "custom_data": ""
              }
            ],
            "os_profile_linux_config": [
              {
                "disable_password_authentication": false,
                "ssh_keys": []
              }
            ],
            "os_profile_secrets": [],
            "os_profile_windows_config": [],
            "plan": [],
            "primary_network_interface_id": null,
            "proximity_placement_group_id": null,
            "resource_group_name": "Weight-Tracker-App",
            "storage_data_disk": [
              {
                "caching": "None",
                "create_option": "Attach",
                "disk_size_gb": 70,
                "lun": 1,
                "managed_disk_id": "/subscriptions/7f0e582d-04ad-48ec-81e6-ef58f134b3af/resourceGroups/Weight-Tracker-App/providers/Microsoft.Compute/disks/VM-DB-SERVER-DISK",
                "managed_disk_type": "Standard_LRS",
                "name": "VM-DB-SERVER-DISK",
                "vhd_uri": "",
                "write_accelerator_enabled": false
              }
            ],
            "storage_image_reference": [
              {
                "id": "",
                "offer": "0001-com-ubuntu-server-focal",
                "publisher": "Canonical",
                "sku": "20_04-lts",
                "version": "latest"
              }
            ],
            "storage_os_disk": [
              {
                "caching": "ReadWrite",
                "create_option": "FromImage",
                "disk_size_gb": 30,
                "image_uri": "",
                "managed_disk_id": "/subscriptions/7f0e582d-04ad-48ec-81e6-ef58f134b3af/resourceGroups/Weight-Tracker-App/providers/Microsoft.Compute/disks/dbOsDisk",
                "managed_disk_type": "Standard_LRS",
                "name": "dbOsDisk",
                "os_type": "Linux",
                "vhd_uri": "",
                "write_accelerator_enabled": false
              }
            ],
            "tags": {},
            "timeouts": null,
            "vm_size": "Standard_DS1_v2",
            "zones": []
          },
          "sensitive_attributes": [],
          "private": "eyJlMmJmYjczMC1lY2FhLTExZTYtOGY4OC0zNDM2M2JjN2M0YzAiOnsiY3JlYXRlIjozNjAwMDAwMDAwMDAwLCJkZWxldGUiOjM2MDAwMDAwMDAwMDAsInJlYWQiOjMwMDAwMDAwMDAwMCwidXBkYXRlIjozNjAwMDAwMDAwMDAwfX0=",
          "dependencies": [
            "azurerm_availability_set.avset",
            "azurerm_managed_disk.VM-DB-SERVER-DISK",
            "azurerm_network_interface.VM-DB-NIC",
            "azurerm_resource_group.Weight-Tracker-App",
            "azurerm_subnet.DBSubnet",
            "azurerm_virtual_network.vnet"
          ]
        }
      ]
    },
    {
      "mode": "managed",
      "type": "azurerm_virtual_network",
      "name": "vnet",
      "provider": "provider[\"registry.terraform.io/hashicorp/azurerm\"]",
      "instances": [
        {
          "schema_version": 0,
          "attributes": {
            "address_space": [
              "10.0.0.0/16"
            ],
            "bgp_community": "",
            "ddos_protection_plan": [],
            "dns_servers": [],
            "edge_zone": "",
            "flow_timeout_in_minutes": 0,
            "guid": "8aa567fe-1d88-4adf-a2e4-9f2da3494fcf",
            "id": "/subscriptions/7f0e582d-04ad-48ec-81e6-ef58f134b3af/resourceGroups/Weight-Tracker-App/providers/Microsoft.Network/virtualNetworks/Weight-Tracker-Network",
            "location": "westus",
            "name": "Weight-Tracker-Network",
            "resource_group_name": "Weight-Tracker-App",
            "subnet": [
              {
                "address_prefix": "10.0.1.0/24",
                "id": "/subscriptions/7f0e582d-04ad-48ec-81e6-ef58f134b3af/resourceGroups/Weight-Tracker-App/providers/Microsoft.Network/virtualNetworks/Weight-Tracker-Network/subnets/AppSubnet",
                "name": "AppSubnet",
                "security_group": ""
              },
              {
                "address_prefix": "10.0.2.0/24",
                "id": "/subscriptions/7f0e582d-04ad-48ec-81e6-ef58f134b3af/resourceGroups/Weight-Tracker-App/providers/Microsoft.Network/virtualNetworks/Weight-Tracker-Network/subnets/DBSubnet",
                "name": "DBSubnet",
                "security_group": ""
              },
              {
                "address_prefix": "10.0.3.0/26",
                "id": "/subscriptions/7f0e582d-04ad-48ec-81e6-ef58f134b3af/resourceGroups/Weight-Tracker-App/providers/Microsoft.Network/virtualNetworks/Weight-Tracker-Network/subnets/AzureBastionSubnet",
                "name": "AzureBastionSubnet",
                "security_group": ""
              }
            ],
            "tags": {},
            "timeouts": null
          },
          "sensitive_attributes": [],
          "private": "eyJlMmJmYjczMC1lY2FhLTExZTYtOGY4OC0zNDM2M2JjN2M0YzAiOnsiY3JlYXRlIjoxODAwMDAwMDAwMDAwLCJkZWxldGUiOjE4MDAwMDAwMDAwMDAsInJlYWQiOjMwMDAwMDAwMDAwMCwidXBkYXRlIjoxODAwMDAwMDAwMDAwfX0=",
          "dependencies": [
            "azurerm_resource_group.Weight-Tracker-App"
          ]
        }
      ]
    }
  ]
}
